
Microsoft Visual Studio Solution File, Format Version 12.00
# Visual Studio Version 16
VisualStudioVersion = 16.0.31205.134
MinimumVisualStudioVersion = 10.0.40219.1
Project("{2150E333-8FDC-42A3-9474-1A3956D46DE8}") = "Services", "Services", "{5DBF55A0-8BDB-4265-88D2-D53F34DAAEC2}"
EndProject
Project("{2150E333-8FDC-42A3-9474-1A3956D46DE8}") = "Identity", "Identity", "{2B3AA635-A354-4C83-9517-66FC121D92C7}"
EndProject
Project("{9A19103F-16F7-4668-BE54-9A1E7A4F7556}") = "Identity.API", "Services\Identity\Identity.API\Identity.API.csproj", "{D190B936-4CD7-45B1-9332-9B2477ABCCD0}"
EndProject
Project("{2150E333-8FDC-42A3-9474-1A3956D46DE8}") = "Common", "Common", "{5BFC4F82-8CA8-43F2-BAD0-8397DBF9FAD7}"
EndProject
Project("{9A19103F-16F7-4668-BE54-9A1E7A4F7556}") = "Logger", "Common\Logger\Logger.csproj", "{E5B438F9-F0F5-4EE0-B273-7FBDC1FD6F3A}"
EndProject
Project("{2150E333-8FDC-42A3-9474-1A3956D46DE8}") = "ApiGateways", "ApiGateways", "{340041F8-002D-4FA2-9B04-63E6B976A191}"
EndProject
Project("{FAE04EC0-301F-11D3-BF4B-00C04F79EFBC}") = "Web.BFF.Shopping", "ApiGateways\Web.BFF.Shopping\Web.BFF.Shopping.csproj", "{AE476EAF-235F-4291-89A9-D2F197EB91F2}"
EndProject
Project("{2150E333-8FDC-42A3-9474-1A3956D46DE8}") = "Catalog", "Catalog", "{329BB072-5FC4-462D-95BE-1E5349605EF9}"
EndProject
Project("{FAE04EC0-301F-11D3-BF4B-00C04F79EFBC}") = "Catalog.API", "Services\Catalog\Catalog.API\Catalog.API.csproj", "{9CCB0445-FCD8-44AA-80D0-CC8674575C4B}"
	ProjectSection(ProjectDependencies) = postProject
		{E5B438F9-F0F5-4EE0-B273-7FBDC1FD6F3A} = {E5B438F9-F0F5-4EE0-B273-7FBDC1FD6F3A}
	EndProjectSection
EndProject
Project("{FAE04EC0-301F-11D3-BF4B-00C04F79EFBC}") = "DomainHelper", "Common\DomainHelper\DomainHelper.csproj", "{20A6BB96-29EA-41AE-8CCC-0E90E1B6DC8C}"
EndProject
Global
	GlobalSection(SolutionConfigurationPlatforms) = preSolution
		Debug|Any CPU = Debug|Any CPU
		Release|Any CPU = Release|Any CPU
	EndGlobalSection
	GlobalSection(ProjectConfigurationPlatforms) = postSolution
		{D190B936-4CD7-45B1-9332-9B2477ABCCD0}.Debug|Any CPU.ActiveCfg = Debug|Any CPU
		{D190B936-4CD7-45B1-9332-9B2477ABCCD0}.Debug|Any CPU.Build.0 = Debug|Any CPU
		{D190B936-4CD7-45B1-9332-9B2477ABCCD0}.Release|Any CPU.ActiveCfg = Release|Any CPU
		{D190B936-4CD7-45B1-9332-9B2477ABCCD0}.Release|Any CPU.Build.0 = Release|Any CPU
		{E5B438F9-F0F5-4EE0-B273-7FBDC1FD6F3A}.Debug|Any CPU.ActiveCfg = Debug|Any CPU
		{E5B438F9-F0F5-4EE0-B273-7FBDC1FD6F3A}.Debug|Any CPU.Build.0 = Debug|Any CPU
		{E5B438F9-F0F5-4EE0-B273-7FBDC1FD6F3A}.Release|Any CPU.ActiveCfg = Release|Any CPU
		{E5B438F9-F0F5-4EE0-B273-7FBDC1FD6F3A}.Release|Any CPU.Build.0 = Release|Any CPU
		{AE476EAF-235F-4291-89A9-D2F197EB91F2}.Debug|Any CPU.ActiveCfg = Debug|Any CPU
		{AE476EAF-235F-4291-89A9-D2F197EB91F2}.Debug|Any CPU.Build.0 = Debug|Any CPU
		{AE476EAF-235F-4291-89A9-D2F197EB91F2}.Release|Any CPU.ActiveCfg = Release|Any CPU
		{AE476EAF-235F-4291-89A9-D2F197EB91F2}.Release|Any CPU.Build.0 = Release|Any CPU
		{9CCB0445-FCD8-44AA-80D0-CC8674575C4B}.Debug|Any CPU.ActiveCfg = Debug|Any CPU
		{9CCB0445-FCD8-44AA-80D0-CC8674575C4B}.Debug|Any CPU.Build.0 = Debug|Any CPU
		{9CCB0445-FCD8-44AA-80D0-CC8674575C4B}.Release|Any CPU.ActiveCfg = Release|Any CPU
		{9CCB0445-FCD8-44AA-80D0-CC8674575C4B}.Release|Any CPU.Build.0 = Release|Any CPU
		{20A6BB96-29EA-41AE-8CCC-0E90E1B6DC8C}.Debug|Any CPU.ActiveCfg = Debug|Any CPU
		{20A6BB96-29EA-41AE-8CCC-0E90E1B6DC8C}.Debug|Any CPU.Build.0 = Debug|Any CPU
		{20A6BB96-29EA-41AE-8CCC-0E90E1B6DC8C}.Release|Any CPU.ActiveCfg = Release|Any CPU
		{20A6BB96-29EA-41AE-8CCC-0E90E1B6DC8C}.Release|Any CPU.Build.0 = Release|Any CPU
	EndGlobalSection
	GlobalSection(SolutionProperties) = preSolution
		HideSolutionNode = FALSE
	EndGlobalSection
	GlobalSection(NestedProjects) = preSolution
		{2B3AA635-A354-4C83-9517-66FC121D92C7} = {5DBF55A0-8BDB-4265-88D2-D53F34DAAEC2}
		{D190B936-4CD7-45B1-9332-9B2477ABCCD0} = {2B3AA635-A354-4C83-9517-66FC121D92C7}
		{E5B438F9-F0F5-4EE0-B273-7FBDC1FD6F3A} = {5BFC4F82-8CA8-43F2-BAD0-8397DBF9FAD7}
		{AE476EAF-235F-4291-89A9-D2F197EB91F2} = {340041F8-002D-4FA2-9B04-63E6B976A191}
		{329BB072-5FC4-462D-95BE-1E5349605EF9} = {5DBF55A0-8BDB-4265-88D2-D53F34DAAEC2}
		{9CCB0445-FCD8-44AA-80D0-CC8674575C4B} = {329BB072-5FC4-462D-95BE-1E5349605EF9}
		{20A6BB96-29EA-41AE-8CCC-0E90E1B6DC8C} = {5BFC4F82-8CA8-43F2-BAD0-8397DBF9FAD7}
	EndGlobalSection
	GlobalSection(ExtensibilityGlobals) = postSolution
		SolutionGuid = {856BCC10-A57E-4BBE-BE4F-6B594FF62EF6}
	EndGlobalSection
EndGlobal
