
Microsoft Visual Studio Solution File, Format Version 12.00
# Visual Studio Version 16
VisualStudioVersion = 16.0.31205.134
MinimumVisualStudioVersion = 10.0.40219.1
Project("{2150E333-8FDC-42A3-9474-1A3956D46DE8}") = "Services", "Services", "{5DBF55A0-8BDB-4265-88D2-D53F34DAAEC2}"
EndProject
Project("{2150E333-8FDC-42A3-9474-1A3956D46DE8}") = "Identity", "Identity", "{2B3AA635-A354-4C83-9517-66FC121D92C7}"
EndProject
Project("{FAE04EC0-301F-11D3-BF4B-00C04F79EFBC}") = "Identity.API", "Services\Identity\Identity.API\Identity.API.csproj", "{D190B936-4CD7-45B1-9332-9B2477ABCCD0}"
EndProject
Global
	GlobalSection(SolutionConfigurationPlatforms) = preSolution
		Debug|Any CPU = Debug|Any CPU
		Release|Any CPU = Release|Any CPU
	EndGlobalSection
	GlobalSection(ProjectConfigurationPlatforms) = postSolution
		{D190B936-4CD7-45B1-9332-9B2477ABCCD0}.Debug|Any CPU.ActiveCfg = Debug|Any CPU
		{D190B936-4CD7-45B1-9332-9B2477ABCCD0}.Debug|Any CPU.Build.0 = Debug|Any CPU
		{D190B936-4CD7-45B1-9332-9B2477ABCCD0}.Release|Any CPU.ActiveCfg = Release|Any CPU
		{D190B936-4CD7-45B1-9332-9B2477ABCCD0}.Release|Any CPU.Build.0 = Release|Any CPU
	EndGlobalSection
	GlobalSection(SolutionProperties) = preSolution
		HideSolutionNode = FALSE
	EndGlobalSection
	GlobalSection(NestedProjects) = preSolution
		{2B3AA635-A354-4C83-9517-66FC121D92C7} = {5DBF55A0-8BDB-4265-88D2-D53F34DAAEC2}
		{D190B936-4CD7-45B1-9332-9B2477ABCCD0} = {2B3AA635-A354-4C83-9517-66FC121D92C7}
	EndGlobalSection
	GlobalSection(ExtensibilityGlobals) = postSolution
		SolutionGuid = {856BCC10-A57E-4BBE-BE4F-6B594FF62EF6}
	EndGlobalSection
EndGlobal
